
Microsoft Visual Studio Solution File, Format Version 12.00
# Visual Studio 15
Project("{FAE04EC0-301F-11D3-BF4B-00C04F79EFBC}") = "Monkey", "Monkey\Monkey.csproj", "{EE336D79-544A-422D-AA2B-F84E88050FB2}"
EndProject
Project("{FAE04EC0-301F-11D3-BF4B-00C04F79EFBC}") = "MonkeyTest", "MonekyTest\MonkeyTest.csproj", "{BF0F2FC6-7769-4048-B717-B2C1241696F3}"
EndProject
Project("{FAE04EC0-301F-11D3-BF4B-00C04F79EFBC}") = "MonkeyCLI", "MonkeyCLI\MonkeyCLI.csproj", "{871DA0AD-EED2-427F-BD46-EBDB07CAE3C4}"
EndProject
Global
	GlobalSection(SolutionConfigurationPlatforms) = preSolution
		Debug|Any CPU = Debug|Any CPU
		Release|Any CPU = Release|Any CPU
	EndGlobalSection
	GlobalSection(ProjectConfigurationPlatforms) = postSolution
		{EE336D79-544A-422D-AA2B-F84E88050FB2}.Debug|Any CPU.ActiveCfg = Debug|Any CPU
		{EE336D79-544A-422D-AA2B-F84E88050FB2}.Debug|Any CPU.Build.0 = Debug|Any CPU
		{EE336D79-544A-422D-AA2B-F84E88050FB2}.Release|Any CPU.ActiveCfg = Release|Any CPU
		{EE336D79-544A-422D-AA2B-F84E88050FB2}.Release|Any CPU.Build.0 = Release|Any CPU
		{BF0F2FC6-7769-4048-B717-B2C1241696F3}.Debug|Any CPU.ActiveCfg = Debug|Any CPU
		{BF0F2FC6-7769-4048-B717-B2C1241696F3}.Debug|Any CPU.Build.0 = Debug|Any CPU
		{BF0F2FC6-7769-4048-B717-B2C1241696F3}.Release|Any CPU.ActiveCfg = Release|Any CPU
		{BF0F2FC6-7769-4048-B717-B2C1241696F3}.Release|Any CPU.Build.0 = Release|Any CPU
		{871DA0AD-EED2-427F-BD46-EBDB07CAE3C4}.Debug|Any CPU.ActiveCfg = Debug|Any CPU
		{871DA0AD-EED2-427F-BD46-EBDB07CAE3C4}.Debug|Any CPU.Build.0 = Debug|Any CPU
		{871DA0AD-EED2-427F-BD46-EBDB07CAE3C4}.Release|Any CPU.ActiveCfg = Release|Any CPU
		{871DA0AD-EED2-427F-BD46-EBDB07CAE3C4}.Release|Any CPU.Build.0 = Release|Any CPU
	EndGlobalSection
	GlobalSection(MonoDevelopProperties) = preSolution
		Policies = $0
		$0.StandardHeader = $1
		$0.VersionControlPolicy = $2
	EndGlobalSection
EndGlobal
